{
  "requires": true,
  "lockfileVersion": 1,
  "dependencies": {
    "mapwize": {
      "version": "3.3.0",
      "resolved": "https://registry.npmjs.org/mapwize/-/mapwize-3.3.0.tgz",
      "integrity": "sha512-6anFK4oMyt3yzH8eaSk+6/ReK68vfTagsi4NVl7mgyIfiywQMvY7UPVfKSzrY0rY05AgkXR6XckwB8ZgXMv0nQ=="
    },
    "mapwize-ui": {
      "version": "1.0.1",
      "resolved": "https://registry.npmjs.org/mapwize-ui/-/mapwize-ui-1.0.1.tgz",
      "integrity": "sha512-pllBfRQCoXUSzriudiME6dxtuWRQ5/3Kun2MYplckllBJgUiKvsQP6vOpRye1p1HIxMC/vYP04sfC0sKCSLVYA=="
    }
  }
}
